// !$*UTF8*$!
{
	archiveVersion = 1;
	classes = {
	};
	objectVersion = 50;
	objects = {

/* Begin PBXBuildFile section */
		0F0174F401A38EAEDCC118CA /* Pods_SchoolTests.framework in Frameworks */ = {isa = PBXBuildFile; fileRef = 18084F677B385D0B41C897D1 /* Pods_SchoolTests.framework */; };
		5D51FCF60892456BAE2E1A1B /* Pods_SchoolUITests.framework in Frameworks */ = {isa = PBXBuildFile; fileRef = 6F0B5282111C62B66E82C4B0 /* Pods_SchoolUITests.framework */; };
		69AB7AF352A475BE4E8300B2 /* Pods_School.framework in Frameworks */ = {isa = PBXBuildFile; fileRef = 092FB2EC49BC4B00B69084DF /* Pods_School.framework */; };
		CF3D72B721EF44A20056CA88 /* AppDelegate.swift in Sources */ = {isa = PBXBuildFile; fileRef = CF3D72B621EF44A20056CA88 /* AppDelegate.swift */; };
		CF3D72B921EF44A20056CA88 /* HomeViewController.swift in Sources */ = {isa = PBXBuildFile; fileRef = CF3D72B821EF44A20056CA88 /* HomeViewController.swift */; };
		CF3D72BC21EF44A20056CA88 /* Main.storyboard in Resources */ = {isa = PBXBuildFile; fileRef = CF3D72BA21EF44A20056CA88 /* Main.storyboard */; };
		CF3D72BE21EF44A50056CA88 /* Assets.xcassets in Resources */ = {isa = PBXBuildFile; fileRef = CF3D72BD21EF44A50056CA88 /* Assets.xcassets */; };
		CF3D72C121EF44A50056CA88 /* LaunchScreen.storyboard in Resources */ = {isa = PBXBuildFile; fileRef = CF3D72BF21EF44A50056CA88 /* LaunchScreen.storyboard */; };
		CF3D72CC21EF44A50056CA88 /* SchoolTests.swift in Sources */ = {isa = PBXBuildFile; fileRef = CF3D72CB21EF44A50056CA88 /* SchoolTests.swift */; };
		CF3D72D721EF44A50056CA88 /* SchoolUITests.swift in Sources */ = {isa = PBXBuildFile; fileRef = CF3D72D621EF44A50056CA88 /* SchoolUITests.swift */; };
		CFBE8C7421EF62140059C661 /* ProfileImageView.swift in Sources */ = {isa = PBXBuildFile; fileRef = CFBE8C7321EF62140059C661 /* ProfileImageView.swift */; };
		CFBE8C7721EF66020059C661 /* Database.swift in Sources */ = {isa = PBXBuildFile; fileRef = CFBE8C7621EF66020059C661 /* Database.swift */; };
		CFBE8C7E21EFCA310059C661 /* PageIndicator.swift in Sources */ = {isa = PBXBuildFile; fileRef = CFBE8C7D21EFCA310059C661 /* PageIndicator.swift */; };
		CFBE8C8221EFD46B0059C661 /* SubjectCollectionViewCell.swift in Sources */ = {isa = PBXBuildFile; fileRef = CFBE8C8121EFD46B0059C661 /* SubjectCollectionViewCell.swift */; };
		CFBE8C8421EFD4940059C661 /* Subject.xib in Resources */ = {isa = PBXBuildFile; fileRef = CFBE8C8321EFD4940059C661 /* Subject.xib */; };
		CFBE8C8621EFDB0F0059C661 /* SubjectModel.swift in Sources */ = {isa = PBXBuildFile; fileRef = CFBE8C8521EFDB0F0059C661 /* SubjectModel.swift */; };
		CFBE8C8821EFE3500059C661 /* UIViewExtensions.swift in Sources */ = {isa = PBXBuildFile; fileRef = CFBE8C8721EFE3500059C661 /* UIViewExtensions.swift */; };
		CFE823DB21F0CBB000ED5604 /* GenericCell.swift in Sources */ = {isa = PBXBuildFile; fileRef = CFE823D921F0CBB000ED5604 /* GenericCell.swift */; };
		CFE823DC21F0CBB000ED5604 /* GenericCell.xib in Resources */ = {isa = PBXBuildFile; fileRef = CFE823DA21F0CBB000ED5604 /* GenericCell.xib */; };
		CFE823DE21F0D29D00ED5604 /* GenericModel.swift in Sources */ = {isa = PBXBuildFile; fileRef = CFE823DD21F0D29D00ED5604 /* GenericModel.swift */; };
		CFE823E721F0EFEE00ED5604 /* ControllerCell.swift in Sources */ = {isa = PBXBuildFile; fileRef = CFE823E521F0EFEE00ED5604 /* ControllerCell.swift */; };
		CFE823E821F0EFEE00ED5604 /* ControllerCell.xib in Resources */ = {isa = PBXBuildFile; fileRef = CFE823E621F0EFEE00ED5604 /* ControllerCell.xib */; };
		CFE823EB21F0FBB800ED5604 /* UICollectionViewExtension.swift in Sources */ = {isa = PBXBuildFile; fileRef = CFE823EA21F0FBB800ED5604 /* UICollectionViewExtension.swift */; };
		CFE8240021F2036900ED5604 /* groupModel.swift in Sources */ = {isa = PBXBuildFile; fileRef = CFE823FF21F2036900ED5604 /* groupModel.swift */; };
		CFE8240221F2065900ED5604 /* DocumentsModel.swift in Sources */ = {isa = PBXBuildFile; fileRef = CFE8240121F2065900ED5604 /* DocumentsModel.swift */; };
		CFE8240421F20E3100ED5604 /* SubjectViewController.swift in Sources */ = {isa = PBXBuildFile; fileRef = CFE8240321F20E3100ED5604 /* SubjectViewController.swift */; };
		CFE8240721F214BF00ED5604 /* CellDelegateProtocol.swift in Sources */ = {isa = PBXBuildFile; fileRef = CFE8240621F214BF00ED5604 /* CellDelegateProtocol.swift */; };
		CFE8240921F2286F00ED5604 /*  subject.storyboard in Resources */ = {isa = PBXBuildFile; fileRef = CFE8240821F2286F00ED5604 /*  subject.storyboard */; };
		CFE8240C21F25AFC00ED5604 /* SquareButtonCell.swift in Sources */ = {isa = PBXBuildFile; fileRef = CFE8240A21F25AFC00ED5604 /* SquareButtonCell.swift */; };
		CFE8240D21F25AFC00ED5604 /* SquareButtonCell.xib in Resources */ = {isa = PBXBuildFile; fileRef = CFE8240B21F25AFC00ED5604 /* SquareButtonCell.xib */; };
		CFE8241021F25DA500ED5604 /* SquareButtonModel.swift in Sources */ = {isa = PBXBuildFile; fileRef = CFE8240F21F25DA500ED5604 /* SquareButtonModel.swift */; };
		CFE8241221F5E5FD00ED5604 /* GroupViewController.swift in Sources */ = {isa = PBXBuildFile; fileRef = CFE8241121F5E5FD00ED5604 /* GroupViewController.swift */; };
		CFE8241B21F5E7A400ED5604 /* Group.storyboard in Resources */ = {isa = PBXBuildFile; fileRef = CFE8241A21F5E7A400ED5604 /* Group.storyboard */; };
		CFE8241D21F5F4A200ED5604 /* DocumentView.swift in Sources */ = {isa = PBXBuildFile; fileRef = CFE8241C21F5F4A200ED5604 /* DocumentView.swift */; };
		CFE8242021F5F4F800ED5604 /* DocView.xib in Resources */ = {isa = PBXBuildFile; fileRef = CFE8241F21F5F4F800ED5604 /* DocView.xib */; };
		CFE8242321F604B800ED5604 /* DocCell.swift in Sources */ = {isa = PBXBuildFile; fileRef = CFE8242121F604B800ED5604 /* DocCell.swift */; };
		CFE8242421F604B800ED5604 /* DocCell.xib in Resources */ = {isa = PBXBuildFile; fileRef = CFE8242221F604B800ED5604 /* DocCell.xib */; };
/* End PBXBuildFile section */

/* Begin PBXContainerItemProxy section */
		CF3D72C821EF44A50056CA88 /* PBXContainerItemProxy */ = {
			isa = PBXContainerItemProxy;
			containerPortal = CF3D72AB21EF44A20056CA88 /* Project object */;
			proxyType = 1;
			remoteGlobalIDString = CF3D72B221EF44A20056CA88;
			remoteInfo = School;
		};
		CF3D72D321EF44A50056CA88 /* PBXContainerItemProxy */ = {
			isa = PBXContainerItemProxy;
			containerPortal = CF3D72AB21EF44A20056CA88 /* Project object */;
			proxyType = 1;
			remoteGlobalIDString = CF3D72B221EF44A20056CA88;
			remoteInfo = School;
		};
/* End PBXContainerItemProxy section */

/* Begin PBXFileReference section */
		092FB2EC49BC4B00B69084DF /* Pods_School.framework */ = {isa = PBXFileReference; explicitFileType = wrapper.framework; includeInIndex = 0; path = Pods_School.framework; sourceTree = BUILT_PRODUCTS_DIR; };
		18084F677B385D0B41C897D1 /* Pods_SchoolTests.framework */ = {isa = PBXFileReference; explicitFileType = wrapper.framework; includeInIndex = 0; path = Pods_SchoolTests.framework; sourceTree = BUILT_PRODUCTS_DIR; };
		462DC30984C2D939104034F4 /* Pods-School.debug.xcconfig */ = {isa = PBXFileReference; includeInIndex = 1; lastKnownFileType = text.xcconfig; name = "Pods-School.debug.xcconfig"; path = "Pods/Target Support Files/Pods-School/Pods-School.debug.xcconfig"; sourceTree = "<group>"; };
		473E20D0FD74881BF9C96C46 /* Pods-SchoolUITests.debug.xcconfig */ = {isa = PBXFileReference; includeInIndex = 1; lastKnownFileType = text.xcconfig; name = "Pods-SchoolUITests.debug.xcconfig"; path = "Pods/Target Support Files/Pods-SchoolUITests/Pods-SchoolUITests.debug.xcconfig"; sourceTree = "<group>"; };
		6F0B5282111C62B66E82C4B0 /* Pods_SchoolUITests.framework */ = {isa = PBXFileReference; explicitFileType = wrapper.framework; includeInIndex = 0; path = Pods_SchoolUITests.framework; sourceTree = BUILT_PRODUCTS_DIR; };
		A336BE44F0F5AD87EE13B949 /* Pods-SchoolTests.release.xcconfig */ = {isa = PBXFileReference; includeInIndex = 1; lastKnownFileType = text.xcconfig; name = "Pods-SchoolTests.release.xcconfig"; path = "Pods/Target Support Files/Pods-SchoolTests/Pods-SchoolTests.release.xcconfig"; sourceTree = "<group>"; };
		C8C1A211193CAAD75D10B022 /* Pods-SchoolUITests.release.xcconfig */ = {isa = PBXFileReference; includeInIndex = 1; lastKnownFileType = text.xcconfig; name = "Pods-SchoolUITests.release.xcconfig"; path = "Pods/Target Support Files/Pods-SchoolUITests/Pods-SchoolUITests.release.xcconfig"; sourceTree = "<group>"; };
		CF3D72B321EF44A20056CA88 /* School.app */ = {isa = PBXFileReference; explicitFileType = wrapper.application; includeInIndex = 0; path = School.app; sourceTree = BUILT_PRODUCTS_DIR; };
		CF3D72B621EF44A20056CA88 /* AppDelegate.swift */ = {isa = PBXFileReference; lastKnownFileType = sourcecode.swift; path = AppDelegate.swift; sourceTree = "<group>"; };
		CF3D72B821EF44A20056CA88 /* HomeViewController.swift */ = {isa = PBXFileReference; lastKnownFileType = sourcecode.swift; path = HomeViewController.swift; sourceTree = "<group>"; };
		CF3D72BB21EF44A20056CA88 /* Base */ = {isa = PBXFileReference; lastKnownFileType = file.storyboard; name = Base; path = Base.lproj/Main.storyboard; sourceTree = "<group>"; };
		CF3D72BD21EF44A50056CA88 /* Assets.xcassets */ = {isa = PBXFileReference; lastKnownFileType = folder.assetcatalog; path = Assets.xcassets; sourceTree = "<group>"; };
		CF3D72C021EF44A50056CA88 /* Base */ = {isa = PBXFileReference; lastKnownFileType = file.storyboard; name = Base; path = Base.lproj/LaunchScreen.storyboard; sourceTree = "<group>"; };
		CF3D72C221EF44A50056CA88 /* Info.plist */ = {isa = PBXFileReference; lastKnownFileType = text.plist.xml; path = Info.plist; sourceTree = "<group>"; };
		CF3D72C721EF44A50056CA88 /* SchoolTests.xctest */ = {isa = PBXFileReference; explicitFileType = wrapper.cfbundle; includeInIndex = 0; path = SchoolTests.xctest; sourceTree = BUILT_PRODUCTS_DIR; };
		CF3D72CB21EF44A50056CA88 /* SchoolTests.swift */ = {isa = PBXFileReference; lastKnownFileType = sourcecode.swift; path = SchoolTests.swift; sourceTree = "<group>"; };
		CF3D72CD21EF44A50056CA88 /* Info.plist */ = {isa = PBXFileReference; lastKnownFileType = text.plist.xml; path = Info.plist; sourceTree = "<group>"; };
		CF3D72D221EF44A50056CA88 /* SchoolUITests.xctest */ = {isa = PBXFileReference; explicitFileType = wrapper.cfbundle; includeInIndex = 0; path = SchoolUITests.xctest; sourceTree = BUILT_PRODUCTS_DIR; };
		CF3D72D621EF44A50056CA88 /* SchoolUITests.swift */ = {isa = PBXFileReference; lastKnownFileType = sourcecode.swift; path = SchoolUITests.swift; sourceTree = "<group>"; };
		CF3D72D821EF44A50056CA88 /* Info.plist */ = {isa = PBXFileReference; lastKnownFileType = text.plist.xml; path = Info.plist; sourceTree = "<group>"; };
		CFBE8C7321EF62140059C661 /* ProfileImageView.swift */ = {isa = PBXFileReference; lastKnownFileType = sourcecode.swift; path = ProfileImageView.swift; sourceTree = "<group>"; };
		CFBE8C7621EF66020059C661 /* Database.swift */ = {isa = PBXFileReference; lastKnownFileType = sourcecode.swift; path = Database.swift; sourceTree = "<group>"; };
		CFBE8C7D21EFCA310059C661 /* PageIndicator.swift */ = {isa = PBXFileReference; fileEncoding = 4; lastKnownFileType = sourcecode.swift; path = PageIndicator.swift; sourceTree = "<group>"; };
		CFBE8C8121EFD46B0059C661 /* SubjectCollectionViewCell.swift */ = {isa = PBXFileReference; lastKnownFileType = sourcecode.swift; path = SubjectCollectionViewCell.swift; sourceTree = "<group>"; };
		CFBE8C8321EFD4940059C661 /* Subject.xib */ = {isa = PBXFileReference; lastKnownFileType = file.xib; path = Subject.xib; sourceTree = "<group>"; };
		CFBE8C8521EFDB0F0059C661 /* SubjectModel.swift */ = {isa = PBXFileReference; lastKnownFileType = sourcecode.swift; path = SubjectModel.swift; sourceTree = "<group>"; };
		CFBE8C8721EFE3500059C661 /* UIViewExtensions.swift */ = {isa = PBXFileReference; lastKnownFileType = sourcecode.swift; path = UIViewExtensions.swift; sourceTree = "<group>"; };
		CFE823D921F0CBB000ED5604 /* GenericCell.swift */ = {isa = PBXFileReference; lastKnownFileType = sourcecode.swift; path = GenericCell.swift; sourceTree = "<group>"; };
		CFE823DA21F0CBB000ED5604 /* GenericCell.xib */ = {isa = PBXFileReference; lastKnownFileType = file.xib; path = GenericCell.xib; sourceTree = "<group>"; };
		CFE823DD21F0D29D00ED5604 /* GenericModel.swift */ = {isa = PBXFileReference; lastKnownFileType = sourcecode.swift; path = GenericModel.swift; sourceTree = "<group>"; };
		CFE823E521F0EFEE00ED5604 /* ControllerCell.swift */ = {isa = PBXFileReference; lastKnownFileType = sourcecode.swift; path = ControllerCell.swift; sourceTree = "<group>"; };
		CFE823E621F0EFEE00ED5604 /* ControllerCell.xib */ = {isa = PBXFileReference; lastKnownFileType = file.xib; path = ControllerCell.xib; sourceTree = "<group>"; };
		CFE823EA21F0FBB800ED5604 /* UICollectionViewExtension.swift */ = {isa = PBXFileReference; lastKnownFileType = sourcecode.swift; path = UICollectionViewExtension.swift; sourceTree = "<group>"; };
		CFE823FF21F2036900ED5604 /* groupModel.swift */ = {isa = PBXFileReference; lastKnownFileType = sourcecode.swift; path = groupModel.swift; sourceTree = "<group>"; };
		CFE8240121F2065900ED5604 /* DocumentsModel.swift */ = {isa = PBXFileReference; lastKnownFileType = sourcecode.swift; path = DocumentsModel.swift; sourceTree = "<group>"; };
		CFE8240321F20E3100ED5604 /* SubjectViewController.swift */ = {isa = PBXFileReference; lastKnownFileType = sourcecode.swift; path = SubjectViewController.swift; sourceTree = "<group>"; };
		CFE8240621F214BF00ED5604 /* CellDelegateProtocol.swift */ = {isa = PBXFileReference; lastKnownFileType = sourcecode.swift; path = CellDelegateProtocol.swift; sourceTree = "<group>"; };
		CFE8240821F2286F00ED5604 /*  subject.storyboard */ = {isa = PBXFileReference; fileEncoding = 4; lastKnownFileType = file.storyboard; path = " subject.storyboard"; sourceTree = "<group>"; };
		CFE8240A21F25AFC00ED5604 /* SquareButtonCell.swift */ = {isa = PBXFileReference; lastKnownFileType = sourcecode.swift; path = SquareButtonCell.swift; sourceTree = "<group>"; };
		CFE8240B21F25AFC00ED5604 /* SquareButtonCell.xib */ = {isa = PBXFileReference; lastKnownFileType = file.xib; path = SquareButtonCell.xib; sourceTree = "<group>"; };
		CFE8240F21F25DA500ED5604 /* SquareButtonModel.swift */ = {isa = PBXFileReference; lastKnownFileType = sourcecode.swift; path = SquareButtonModel.swift; sourceTree = "<group>"; };
		CFE8241121F5E5FD00ED5604 /* GroupViewController.swift */ = {isa = PBXFileReference; lastKnownFileType = sourcecode.swift; path = GroupViewController.swift; sourceTree = "<group>"; };
		CFE8241A21F5E7A400ED5604 /* Group.storyboard */ = {isa = PBXFileReference; fileEncoding = 4; lastKnownFileType = file.storyboard; path = Group.storyboard; sourceTree = "<group>"; };
		CFE8241C21F5F4A200ED5604 /* DocumentView.swift */ = {isa = PBXFileReference; lastKnownFileType = sourcecode.swift; path = DocumentView.swift; sourceTree = "<group>"; };
		CFE8241F21F5F4F800ED5604 /* DocView.xib */ = {isa = PBXFileReference; lastKnownFileType = file.xib; path = DocView.xib; sourceTree = "<group>"; };
		CFE8242121F604B800ED5604 /* DocCell.swift */ = {isa = PBXFileReference; lastKnownFileType = sourcecode.swift; path = DocCell.swift; sourceTree = "<group>"; };
		CFE8242221F604B800ED5604 /* DocCell.xib */ = {isa = PBXFileReference; lastKnownFileType = file.xib; path = DocCell.xib; sourceTree = "<group>"; };
		D9AC21C791AD02F8A8CE03CE /* Pods-School.release.xcconfig */ = {isa = PBXFileReference; includeInIndex = 1; lastKnownFileType = text.xcconfig; name = "Pods-School.release.xcconfig"; path = "Pods/Target Support Files/Pods-School/Pods-School.release.xcconfig"; sourceTree = "<group>"; };
		E5807BF85BE0BCD8AAA49F1F /* Pods-SchoolTests.debug.xcconfig */ = {isa = PBXFileReference; includeInIndex = 1; lastKnownFileType = text.xcconfig; name = "Pods-SchoolTests.debug.xcconfig"; path = "Pods/Target Support Files/Pods-SchoolTests/Pods-SchoolTests.debug.xcconfig"; sourceTree = "<group>"; };
/* End PBXFileReference section */

/* Begin PBXFrameworksBuildPhase section */
		CF3D72B021EF44A20056CA88 /* Frameworks */ = {
			isa = PBXFrameworksBuildPhase;
			buildActionMask = 2147483647;
			files = (
				69AB7AF352A475BE4E8300B2 /* Pods_School.framework in Frameworks */,
			);
			runOnlyForDeploymentPostprocessing = 0;
		};
		CF3D72C421EF44A50056CA88 /* Frameworks */ = {
			isa = PBXFrameworksBuildPhase;
			buildActionMask = 2147483647;
			files = (
				0F0174F401A38EAEDCC118CA /* Pods_SchoolTests.framework in Frameworks */,
			);
			runOnlyForDeploymentPostprocessing = 0;
		};
		CF3D72CF21EF44A50056CA88 /* Frameworks */ = {
			isa = PBXFrameworksBuildPhase;
			buildActionMask = 2147483647;
			files = (
				5D51FCF60892456BAE2E1A1B /* Pods_SchoolUITests.framework in Frameworks */,
			);
			runOnlyForDeploymentPostprocessing = 0;
		};
/* End PBXFrameworksBuildPhase section */

/* Begin PBXGroup section */
		138C35C864F3248F883A75EF /* Frameworks */ = {
			isa = PBXGroup;
			children = (
				092FB2EC49BC4B00B69084DF /* Pods_School.framework */,
				18084F677B385D0B41C897D1 /* Pods_SchoolTests.framework */,
				6F0B5282111C62B66E82C4B0 /* Pods_SchoolUITests.framework */,
			);
			name = Frameworks;
			sourceTree = "<group>";
		};
		237B62B5446A0FA5FFE8AFCE /* Pods */ = {
			isa = PBXGroup;
			children = (
				462DC30984C2D939104034F4 /* Pods-School.debug.xcconfig */,
				D9AC21C791AD02F8A8CE03CE /* Pods-School.release.xcconfig */,
				E5807BF85BE0BCD8AAA49F1F /* Pods-SchoolTests.debug.xcconfig */,
				A336BE44F0F5AD87EE13B949 /* Pods-SchoolTests.release.xcconfig */,
				473E20D0FD74881BF9C96C46 /* Pods-SchoolUITests.debug.xcconfig */,
				C8C1A211193CAAD75D10B022 /* Pods-SchoolUITests.release.xcconfig */,
			);
			name = Pods;
			sourceTree = "<group>";
		};
		CF3D72AA21EF44A20056CA88 = {
			isa = PBXGroup;
			children = (
				CF3D72B521EF44A20056CA88 /* School */,
				CF3D72CA21EF44A50056CA88 /* SchoolTests */,
				CF3D72D521EF44A50056CA88 /* SchoolUITests */,
				CF3D72B421EF44A20056CA88 /* Products */,
				237B62B5446A0FA5FFE8AFCE /* Pods */,
				138C35C864F3248F883A75EF /* Frameworks */,
			);
			sourceTree = "<group>";
		};
		CF3D72B421EF44A20056CA88 /* Products */ = {
			isa = PBXGroup;
			children = (
				CF3D72B321EF44A20056CA88 /* School.app */,
				CF3D72C721EF44A50056CA88 /* SchoolTests.xctest */,
				CF3D72D221EF44A50056CA88 /* SchoolUITests.xctest */,
			);
			name = Products;
			sourceTree = "<group>";
		};
		CF3D72B521EF44A20056CA88 /* School */ = {
			isa = PBXGroup;
			children = (
				CFE8240521F2149A00ED5604 /* Protocols */,
				CFBE8C7521EF63ED0059C661 /* Extensions */,
				CFBE8C6F21EF60060059C661 /* Model */,
				CFBE8C7021EF60120059C661 /* View */,
				CFBE8C7121EF60300059C661 /* Controller */,
				CFBE8C7221EF605F0059C661 /* Storyboards */,
				CF3D72B621EF44A20056CA88 /* AppDelegate.swift */,
				CF3D72BD21EF44A50056CA88 /* Assets.xcassets */,
				CF3D72BF21EF44A50056CA88 /* LaunchScreen.storyboard */,
				CF3D72C221EF44A50056CA88 /* Info.plist */,
			);
			path = School;
			sourceTree = "<group>";
		};
		CF3D72CA21EF44A50056CA88 /* SchoolTests */ = {
			isa = PBXGroup;
			children = (
				CF3D72CB21EF44A50056CA88 /* SchoolTests.swift */,
				CF3D72CD21EF44A50056CA88 /* Info.plist */,
			);
			path = SchoolTests;
			sourceTree = "<group>";
		};
		CF3D72D521EF44A50056CA88 /* SchoolUITests */ = {
			isa = PBXGroup;
			children = (
				CF3D72D621EF44A50056CA88 /* SchoolUITests.swift */,
				CF3D72D821EF44A50056CA88 /* Info.plist */,
			);
			path = SchoolUITests;
			sourceTree = "<group>";
		};
		CFBE8C6F21EF60060059C661 /* Model */ = {
			isa = PBXGroup;
			children = (
				CFBE8C7621EF66020059C661 /* Database.swift */,
				CFE823FF21F2036900ED5604 /* groupModel.swift */,
				CFBE8C8521EFDB0F0059C661 /* SubjectModel.swift */,
				CFE823DD21F0D29D00ED5604 /* GenericModel.swift */,
				CFE8240121F2065900ED5604 /* DocumentsModel.swift */,
				CFE8240F21F25DA500ED5604 /* SquareButtonModel.swift */,
			);
			path = Model;
			sourceTree = "<group>";
		};
		CFBE8C7021EF60120059C661 /* View */ = {
			isa = PBXGroup;
			children = (
				CFE8240E21F25B0100ED5604 /* SquareButtonCell */,
				CFE823E421F0EFA300ED5604 /* Subject cell */,
				CFE823E321F0EF9200ED5604 /* Generic cell */,
				CFE823E921F0EFF400ED5604 /* Controller Cell */,
				CFBE8C7D21EFCA310059C661 /* PageIndicator.swift */,
				CFBE8C7321EF62140059C661 /* ProfileImageView.swift */,
				CFE8241E21F5F4AB00ED5604 /* DocumentView */,
			);
			path = View;
			sourceTree = "<group>";
		};
		CFBE8C7121EF60300059C661 /* Controller */ = {
			isa = PBXGroup;
			children = (
				CF3D72B821EF44A20056CA88 /* HomeViewController.swift */,
				CFE8240321F20E3100ED5604 /* SubjectViewController.swift */,
				CFE8241121F5E5FD00ED5604 /* GroupViewController.swift */,
			);
			path = Controller;
			sourceTree = "<group>";
		};
		CFBE8C7221EF605F0059C661 /* Storyboards */ = {
			isa = PBXGroup;
			children = (
				CFE8241A21F5E7A400ED5604 /* Group.storyboard */,
				CFE8240821F2286F00ED5604 /*  subject.storyboard */,
				CF3D72BA21EF44A20056CA88 /* Main.storyboard */,
			);
			path = Storyboards;
			sourceTree = "<group>";
		};
		CFBE8C7521EF63ED0059C661 /* Extensions */ = {
			isa = PBXGroup;
			children = (
				CFBE8C8721EFE3500059C661 /* UIViewExtensions.swift */,
				CFE823EA21F0FBB800ED5604 /* UICollectionViewExtension.swift */,
			);
			path = Extensions;
			sourceTree = "<group>";
		};
		CFE823E321F0EF9200ED5604 /* Generic cell */ = {
			isa = PBXGroup;
			children = (
				CFE823D921F0CBB000ED5604 /* GenericCell.swift */,
				CFE823DA21F0CBB000ED5604 /* GenericCell.xib */,
			);
			path = "Generic cell";
			sourceTree = "<group>";
		};
		CFE823E421F0EFA300ED5604 /* Subject cell */ = {
			isa = PBXGroup;
			children = (
				CFBE8C8121EFD46B0059C661 /* SubjectCollectionViewCell.swift */,
				CFBE8C8321EFD4940059C661 /* Subject.xib */,
			);
			path = "Subject cell";
			sourceTree = "<group>";
		};
		CFE823E921F0EFF400ED5604 /* Controller Cell */ = {
			isa = PBXGroup;
			children = (
				CFE823E621F0EFEE00ED5604 /* ControllerCell.xib */,
				CFE823E521F0EFEE00ED5604 /* ControllerCell.swift */,
			);
			path = "Controller Cell";
			sourceTree = "<group>";
		};
		CFE8240521F2149A00ED5604 /* Protocols */ = {
			isa = PBXGroup;
			children = (
				CFE8240621F214BF00ED5604 /* CellDelegateProtocol.swift */,
			);
			path = Protocols;
			sourceTree = "<group>";
		};
		CFE8240E21F25B0100ED5604 /* SquareButtonCell */ = {
			isa = PBXGroup;
			children = (
				CFE8240A21F25AFC00ED5604 /* SquareButtonCell.swift */,
				CFE8240B21F25AFC00ED5604 /* SquareButtonCell.xib */,
			);
			path = SquareButtonCell;
			sourceTree = "<group>";
		};
		CFE8241E21F5F4AB00ED5604 /* DocumentView */ = {
			isa = PBXGroup;
			children = (
				CFE8241C21F5F4A200ED5604 /* DocumentView.swift */,
				CFE8241F21F5F4F800ED5604 /* DocView.xib */,
				CFE8242521F604C300ED5604 /* Doc Cell */,
			);
			path = DocumentView;
			sourceTree = "<group>";
		};
		CFE8242521F604C300ED5604 /* Doc Cell */ = {
			isa = PBXGroup;
			children = (
				CFE8242121F604B800ED5604 /* DocCell.swift */,
				CFE8242221F604B800ED5604 /* DocCell.xib */,
			);
			path = "Doc Cell";
			sourceTree = "<group>";
		};
/* End PBXGroup section */

/* Begin PBXNativeTarget section */
		CF3D72B221EF44A20056CA88 /* School */ = {
			isa = PBXNativeTarget;
			buildConfigurationList = CF3D72DB21EF44A50056CA88 /* Build configuration list for PBXNativeTarget "School" */;
			buildPhases = (
				B6CD18086B042C111870FDFF /* [CP] Check Pods Manifest.lock */,
				CF3D72AF21EF44A20056CA88 /* Sources */,
				CF3D72B021EF44A20056CA88 /* Frameworks */,
				CF3D72B121EF44A20056CA88 /* Resources */,
				A2F13B38A380C4EC16EEE9D7 /* [CP] Embed Pods Frameworks */,
			);
			buildRules = (
			);
			dependencies = (
			);
			name = School;
			productName = School;
			productReference = CF3D72B321EF44A20056CA88 /* School.app */;
			productType = "com.apple.product-type.application";
		};
		CF3D72C621EF44A50056CA88 /* SchoolTests */ = {
			isa = PBXNativeTarget;
			buildConfigurationList = CF3D72DE21EF44A50056CA88 /* Build configuration list for PBXNativeTarget "SchoolTests" */;
			buildPhases = (
				0614F1A9626E3B511E5022C1 /* [CP] Check Pods Manifest.lock */,
				CF3D72C321EF44A50056CA88 /* Sources */,
				CF3D72C421EF44A50056CA88 /* Frameworks */,
				CF3D72C521EF44A50056CA88 /* Resources */,
			);
			buildRules = (
			);
			dependencies = (
				CF3D72C921EF44A50056CA88 /* PBXTargetDependency */,
			);
			name = SchoolTests;
			productName = SchoolTests;
			productReference = CF3D72C721EF44A50056CA88 /* SchoolTests.xctest */;
			productType = "com.apple.product-type.bundle.unit-test";
		};
		CF3D72D121EF44A50056CA88 /* SchoolUITests */ = {
			isa = PBXNativeTarget;
			buildConfigurationList = CF3D72E121EF44A50056CA88 /* Build configuration list for PBXNativeTarget "SchoolUITests" */;
			buildPhases = (
				175D1E639A20828D851B5406 /* [CP] Check Pods Manifest.lock */,
				CF3D72CE21EF44A50056CA88 /* Sources */,
				CF3D72CF21EF44A50056CA88 /* Frameworks */,
				CF3D72D021EF44A50056CA88 /* Resources */,
			);
			buildRules = (
			);
			dependencies = (
				CF3D72D421EF44A50056CA88 /* PBXTargetDependency */,
			);
			name = SchoolUITests;
			productName = SchoolUITests;
			productReference = CF3D72D221EF44A50056CA88 /* SchoolUITests.xctest */;
			productType = "com.apple.product-type.bundle.ui-testing";
		};
/* End PBXNativeTarget section */

/* Begin PBXProject section */
		CF3D72AB21EF44A20056CA88 /* Project object */ = {
			isa = PBXProject;
			attributes = {
				LastSwiftUpdateCheck = 1010;
				LastUpgradeCheck = 1010;
				ORGANIZATIONNAME = "Ferdinand Lösch";
				TargetAttributes = {
					CF3D72B221EF44A20056CA88 = {
						CreatedOnToolsVersion = 10.1;
					};
					CF3D72C621EF44A50056CA88 = {
						CreatedOnToolsVersion = 10.1;
						TestTargetID = CF3D72B221EF44A20056CA88;
					};
					CF3D72D121EF44A50056CA88 = {
						CreatedOnToolsVersion = 10.1;
						TestTargetID = CF3D72B221EF44A20056CA88;
					};
				};
			};
			buildConfigurationList = CF3D72AE21EF44A20056CA88 /* Build configuration list for PBXProject "School" */;
			compatibilityVersion = "Xcode 9.3";
			developmentRegion = en;
			hasScannedForEncodings = 0;
			knownRegions = (
				en,
				Base,
			);
			mainGroup = CF3D72AA21EF44A20056CA88;
			productRefGroup = CF3D72B421EF44A20056CA88 /* Products */;
			projectDirPath = "";
			projectRoot = "";
			targets = (
				CF3D72B221EF44A20056CA88 /* School */,
				CF3D72C621EF44A50056CA88 /* SchoolTests */,
				CF3D72D121EF44A50056CA88 /* SchoolUITests */,
			);
		};
/* End PBXProject section */

/* Begin PBXResourcesBuildPhase section */
		CF3D72B121EF44A20056CA88 /* Resources */ = {
			isa = PBXResourcesBuildPhase;
			buildActionMask = 2147483647;
			files = (
				CFBE8C8421EFD4940059C661 /* Subject.xib in Resources */,
				CF3D72C121EF44A50056CA88 /* LaunchScreen.storyboard in Resources */,
				CFE8240D21F25AFC00ED5604 /* SquareButtonCell.xib in Resources */,
				CF3D72BE21EF44A50056CA88 /* Assets.xcassets in Resources */,
				CFE823E821F0EFEE00ED5604 /* ControllerCell.xib in Resources */,
				CF3D72BC21EF44A20056CA88 /* Main.storyboard in Resources */,
				CFE8241B21F5E7A400ED5604 /* Group.storyboard in Resources */,
				CFE8242021F5F4F800ED5604 /* DocView.xib in Resources */,
				CFE823DC21F0CBB000ED5604 /* GenericCell.xib in Resources */,
				CFE8242421F604B800ED5604 /* DocCell.xib in Resources */,
				CFE8240921F2286F00ED5604 /*  subject.storyboard in Resources */,
			);
			runOnlyForDeploymentPostprocessing = 0;
		};
		CF3D72C521EF44A50056CA88 /* Resources */ = {
			isa = PBXResourcesBuildPhase;
			buildActionMask = 2147483647;
			files = (
			);
			runOnlyForDeploymentPostprocessing = 0;
		};
		CF3D72D021EF44A50056CA88 /* Resources */ = {
			isa = PBXResourcesBuildPhase;
			buildActionMask = 2147483647;
			files = (
			);
			runOnlyForDeploymentPostprocessing = 0;
		};
/* End PBXResourcesBuildPhase section */

/* Begin PBXShellScriptBuildPhase section */
		0614F1A9626E3B511E5022C1 /* [CP] Check Pods Manifest.lock */ = {
			isa = PBXShellScriptBuildPhase;
			buildActionMask = 2147483647;
			files = (
			);
			inputPaths = (
				"${PODS_PODFILE_DIR_PATH}/Podfile.lock",
				"${PODS_ROOT}/Manifest.lock",
			);
			name = "[CP] Check Pods Manifest.lock";
			outputPaths = (
				"$(DERIVED_FILE_DIR)/Pods-SchoolTests-checkManifestLockResult.txt",
			);
			runOnlyForDeploymentPostprocessing = 0;
			shellPath = /bin/sh;
			shellScript = "diff \"${PODS_PODFILE_DIR_PATH}/Podfile.lock\" \"${PODS_ROOT}/Manifest.lock\" > /dev/null\nif [ $? != 0 ] ; then\n    # print error to STDERR\n    echo \"error: The sandbox is not in sync with the Podfile.lock. Run 'pod install' or update your CocoaPods installation.\" >&2\n    exit 1\nfi\n# This output is used by Xcode 'outputs' to avoid re-running this script phase.\necho \"SUCCESS\" > \"${SCRIPT_OUTPUT_FILE_0}\"\n";
			showEnvVarsInLog = 0;
		};
		175D1E639A20828D851B5406 /* [CP] Check Pods Manifest.lock */ = {
			isa = PBXShellScriptBuildPhase;
			buildActionMask = 2147483647;
			files = (
			);
			inputPaths = (
				"${PODS_PODFILE_DIR_PATH}/Podfile.lock",
				"${PODS_ROOT}/Manifest.lock",
			);
			name = "[CP] Check Pods Manifest.lock";
			outputPaths = (
				"$(DERIVED_FILE_DIR)/Pods-SchoolUITests-checkManifestLockResult.txt",
			);
			runOnlyForDeploymentPostprocessing = 0;
			shellPath = /bin/sh;
			shellScript = "diff \"${PODS_PODFILE_DIR_PATH}/Podfile.lock\" \"${PODS_ROOT}/Manifest.lock\" > /dev/null\nif [ $? != 0 ] ; then\n    # print error to STDERR\n    echo \"error: The sandbox is not in sync with the Podfile.lock. Run 'pod install' or update your CocoaPods installation.\" >&2\n    exit 1\nfi\n# This output is used by Xcode 'outputs' to avoid re-running this script phase.\necho \"SUCCESS\" > \"${SCRIPT_OUTPUT_FILE_0}\"\n";
			showEnvVarsInLog = 0;
		};
		A2F13B38A380C4EC16EEE9D7 /* [CP] Embed Pods Frameworks */ = {
			isa = PBXShellScriptBuildPhase;
			buildActionMask = 2147483647;
			files = (
			);
			inputPaths = (
				"${SRCROOT}/Pods/Target Support Files/Pods-School/Pods-School-frameworks.sh",
				"${BUILT_PRODUCTS_DIR}/GravitySliderFlowLayout/GravitySliderFlowLayout.framework",
				"${BUILT_PRODUCTS_DIR}/VegaScrollFlowLayout/VegaScrollFlowLayout.framework",
				"${BUILT_PRODUCTS_DIR}/WeScan/WeScan.framework",
			);
			name = "[CP] Embed Pods Frameworks";
			outputPaths = (
				"${TARGET_BUILD_DIR}/${FRAMEWORKS_FOLDER_PATH}/GravitySliderFlowLayout.framework",
				"${TARGET_BUILD_DIR}/${FRAMEWORKS_FOLDER_PATH}/VegaScrollFlowLayout.framework",
				"${TARGET_BUILD_DIR}/${FRAMEWORKS_FOLDER_PATH}/WeScan.framework",
			);
			runOnlyForDeploymentPostprocessing = 0;
			shellPath = /bin/sh;
			shellScript = "\"${SRCROOT}/Pods/Target Support Files/Pods-School/Pods-School-frameworks.sh\"\n";
			showEnvVarsInLog = 0;
		};
		B6CD18086B042C111870FDFF /* [CP] Check Pods Manifest.lock */ = {
			isa = PBXShellScriptBuildPhase;
			buildActionMask = 2147483647;
			files = (
			);
			inputPaths = (
				"${PODS_PODFILE_DIR_PATH}/Podfile.lock",
				"${PODS_ROOT}/Manifest.lock",
			);
			name = "[CP] Check Pods Manifest.lock";
			outputPaths = (
				"$(DERIVED_FILE_DIR)/Pods-School-checkManifestLockResult.txt",
			);
			runOnlyForDeploymentPostprocessing = 0;
			shellPath = /bin/sh;
			shellScript = "diff \"${PODS_PODFILE_DIR_PATH}/Podfile.lock\" \"${PODS_ROOT}/Manifest.lock\" > /dev/null\nif [ $? != 0 ] ; then\n    # print error to STDERR\n    echo \"error: The sandbox is not in sync with the Podfile.lock. Run 'pod install' or update your CocoaPods installation.\" >&2\n    exit 1\nfi\n# This output is used by Xcode 'outputs' to avoid re-running this script phase.\necho \"SUCCESS\" > \"${SCRIPT_OUTPUT_FILE_0}\"\n";
			showEnvVarsInLog = 0;
		};
/* End PBXShellScriptBuildPhase section */

/* Begin PBXSourcesBuildPhase section */
		CF3D72AF21EF44A20056CA88 /* Sources */ = {
			isa = PBXSourcesBuildPhase;
			buildActionMask = 2147483647;
			files = (
				CFE8241021F25DA500ED5604 /* SquareButtonModel.swift in Sources */,
				CFE8240721F214BF00ED5604 /* CellDelegateProtocol.swift in Sources */,
				CFBE8C7421EF62140059C661 /* ProfileImageView.swift in Sources */,
				CF3D72B921EF44A20056CA88 /* HomeViewController.swift in Sources */,
				CFE823DE21F0D29D00ED5604 /* GenericModel.swift in Sources */,
				CFE823EB21F0FBB800ED5604 /* UICollectionViewExtension.swift in Sources */,
				CFE823E721F0EFEE00ED5604 /* ControllerCell.swift in Sources */,
				CFE8240421F20E3100ED5604 /* SubjectViewController.swift in Sources */,
				CFE8242321F604B800ED5604 /* DocCell.swift in Sources */,
				CFE8240021F2036900ED5604 /* groupModel.swift in Sources */,
				CFBE8C8821EFE3500059C661 /* UIViewExtensions.swift in Sources */,
				CFE8240221F2065900ED5604 /* DocumentsModel.swift in Sources */,
				CFBE8C8621EFDB0F0059C661 /* SubjectModel.swift in Sources */,
				CFE823DB21F0CBB000ED5604 /* GenericCell.swift in Sources */,
				CFE8241221F5E5FD00ED5604 /* GroupViewController.swift in Sources */,
				CFE8240C21F25AFC00ED5604 /* SquareButtonCell.swift in Sources */,
				CFBE8C7721EF66020059C661 /* Database.swift in Sources */,
				CFBE8C8221EFD46B0059C661 /* SubjectCollectionViewCell.swift in Sources */,
				CFBE8C7E21EFCA310059C661 /* PageIndicator.swift in Sources */,
				CF3D72B721EF44A20056CA88 /* AppDelegate.swift in Sources */,
				CFE8241D21F5F4A200ED5604 /* DocumentView.swift in Sources */,
			);
			runOnlyForDeploymentPostprocessing = 0;
		};
		CF3D72C321EF44A50056CA88 /* Sources */ = {
			isa = PBXSourcesBuildPhase;
			buildActionMask = 2147483647;
			files = (
				CF3D72CC21EF44A50056CA88 /* SchoolTests.swift in Sources */,
			);
			runOnlyForDeploymentPostprocessing = 0;
		};
		CF3D72CE21EF44A50056CA88 /* Sources */ = {
			isa = PBXSourcesBuildPhase;
			buildActionMask = 2147483647;
			files = (
				CF3D72D721EF44A50056CA88 /* SchoolUITests.swift in Sources */,
			);
			runOnlyForDeploymentPostprocessing = 0;
		};
/* End PBXSourcesBuildPhase section */

/* Begin PBXTargetDependency section */
		CF3D72C921EF44A50056CA88 /* PBXTargetDependency */ = {
			isa = PBXTargetDependency;
			target = CF3D72B221EF44A20056CA88 /* School */;
			targetProxy = CF3D72C821EF44A50056CA88 /* PBXContainerItemProxy */;
		};
		CF3D72D421EF44A50056CA88 /* PBXTargetDependency */ = {
			isa = PBXTargetDependency;
			target = CF3D72B221EF44A20056CA88 /* School */;
			targetProxy = CF3D72D321EF44A50056CA88 /* PBXContainerItemProxy */;
		};
/* End PBXTargetDependency section */

/* Begin PBXVariantGroup section */
		CF3D72BA21EF44A20056CA88 /* Main.storyboard */ = {
			isa = PBXVariantGroup;
			children = (
				CF3D72BB21EF44A20056CA88 /* Base */,
			);
			name = Main.storyboard;
			sourceTree = "<group>";
		};
		CF3D72BF21EF44A50056CA88 /* LaunchScreen.storyboard */ = {
			isa = PBXVariantGroup;
			children = (
				CF3D72C021EF44A50056CA88 /* Base */,
			);
			name = LaunchScreen.storyboard;
			sourceTree = "<group>";
		};
/* End PBXVariantGroup section */

/* Begin XCBuildConfiguration section */
		CF3D72D921EF44A50056CA88 /* Debug */ = {
			isa = XCBuildConfiguration;
			buildSettings = {
				ALWAYS_SEARCH_USER_PATHS = NO;
				CLANG_ANALYZER_NONNULL = YES;
				CLANG_ANALYZER_NUMBER_OBJECT_CONVERSION = YES_AGGRESSIVE;
				CLANG_CXX_LANGUAGE_STANDARD = "gnu++14";
				CLANG_CXX_LIBRARY = "libc++";
				CLANG_ENABLE_MODULES = YES;
				CLANG_ENABLE_OBJC_ARC = YES;
				CLANG_ENABLE_OBJC_WEAK = YES;
				CLANG_WARN_BLOCK_CAPTURE_AUTORELEASING = YES;
				CLANG_WARN_BOOL_CONVERSION = YES;
				CLANG_WARN_COMMA = YES;
				CLANG_WARN_CONSTANT_CONVERSION = YES;
				CLANG_WARN_DEPRECATED_OBJC_IMPLEMENTATIONS = YES;
				CLANG_WARN_DIRECT_OBJC_ISA_USAGE = YES_ERROR;
				CLANG_WARN_DOCUMENTATION_COMMENTS = YES;
				CLANG_WARN_EMPTY_BODY = YES;
				CLANG_WARN_ENUM_CONVERSION = YES;
				CLANG_WARN_INFINITE_RECURSION = YES;
				CLANG_WARN_INT_CONVERSION = YES;
				CLANG_WARN_NON_LITERAL_NULL_CONVERSION = YES;
				CLANG_WARN_OBJC_IMPLICIT_RETAIN_SELF = YES;
				CLANG_WARN_OBJC_LITERAL_CONVERSION = YES;
				CLANG_WARN_OBJC_ROOT_CLASS = YES_ERROR;
				CLANG_WARN_RANGE_LOOP_ANALYSIS = YES;
				CLANG_WARN_STRICT_PROTOTYPES = YES;
				CLANG_WARN_SUSPICIOUS_MOVE = YES;
				CLANG_WARN_UNGUARDED_AVAILABILITY = YES_AGGRESSIVE;
				CLANG_WARN_UNREACHABLE_CODE = YES;
				CLANG_WARN__DUPLICATE_METHOD_MATCH = YES;
				CODE_SIGN_IDENTITY = "iPhone Developer";
				COPY_PHASE_STRIP = NO;
				DEBUG_INFORMATION_FORMAT = dwarf;
				ENABLE_STRICT_OBJC_MSGSEND = YES;
				ENABLE_TESTABILITY = YES;
				GCC_C_LANGUAGE_STANDARD = gnu11;
				GCC_DYNAMIC_NO_PIC = NO;
				GCC_NO_COMMON_BLOCKS = YES;
				GCC_OPTIMIZATION_LEVEL = 0;
				GCC_PREPROCESSOR_DEFINITIONS = (
					"DEBUG=1",
					"$(inherited)",
				);
				GCC_WARN_64_TO_32_BIT_CONVERSION = YES;
				GCC_WARN_ABOUT_RETURN_TYPE = YES_ERROR;
				GCC_WARN_UNDECLARED_SELECTOR = YES;
				GCC_WARN_UNINITIALIZED_AUTOS = YES_AGGRESSIVE;
				GCC_WARN_UNUSED_FUNCTION = YES;
				GCC_WARN_UNUSED_VARIABLE = YES;
				IPHONEOS_DEPLOYMENT_TARGET = 12.1;
				MTL_ENABLE_DEBUG_INFO = INCLUDE_SOURCE;
				MTL_FAST_MATH = YES;
				ONLY_ACTIVE_ARCH = YES;
				SDKROOT = iphoneos;
				SWIFT_ACTIVE_COMPILATION_CONDITIONS = DEBUG;
				SWIFT_OPTIMIZATION_LEVEL = "-Onone";
			};
			name = Debug;
		};
		CF3D72DA21EF44A50056CA88 /* Release */ = {
			isa = XCBuildConfiguration;
			buildSettings = {
				ALWAYS_SEARCH_USER_PATHS = NO;
				CLANG_ANALYZER_NONNULL = YES;
				CLANG_ANALYZER_NUMBER_OBJECT_CONVERSION = YES_AGGRESSIVE;
				CLANG_CXX_LANGUAGE_STANDARD = "gnu++14";
				CLANG_CXX_LIBRARY = "libc++";
				CLANG_ENABLE_MODULES = YES;
				CLANG_ENABLE_OBJC_ARC = YES;
				CLANG_ENABLE_OBJC_WEAK = YES;
				CLANG_WARN_BLOCK_CAPTURE_AUTORELEASING = YES;
				CLANG_WARN_BOOL_CONVERSION = YES;
				CLANG_WARN_COMMA = YES;
				CLANG_WARN_CONSTANT_CONVERSION = YES;
				CLANG_WARN_DEPRECATED_OBJC_IMPLEMENTATIONS = YES;
				CLANG_WARN_DIRECT_OBJC_ISA_USAGE = YES_ERROR;
				CLANG_WARN_DOCUMENTATION_COMMENTS = YES;
				CLANG_WARN_EMPTY_BODY = YES;
				CLANG_WARN_ENUM_CONVERSION = YES;
				CLANG_WARN_INFINITE_RECURSION = YES;
				CLANG_WARN_INT_CONVERSION = YES;
				CLANG_WARN_NON_LITERAL_NULL_CONVERSION = YES;
				CLANG_WARN_OBJC_IMPLICIT_RETAIN_SELF = YES;
				CLANG_WARN_OBJC_LITERAL_CONVERSION = YES;
				CLANG_WARN_OBJC_ROOT_CLASS = YES_ERROR;
				CLANG_WARN_RANGE_LOOP_ANALYSIS = YES;
				CLANG_WARN_STRICT_PROTOTYPES = YES;
				CLANG_WARN_SUSPICIOUS_MOVE = YES;
				CLANG_WARN_UNGUARDED_AVAILABILITY = YES_AGGRESSIVE;
				CLANG_WARN_UNREACHABLE_CODE = YES;
				CLANG_WARN__DUPLICATE_METHOD_MATCH = YES;
				CODE_SIGN_IDENTITY = "iPhone Developer";
				COPY_PHASE_STRIP = NO;
				DEBUG_INFORMATION_FORMAT = "dwarf-with-dsym";
				ENABLE_NS_ASSERTIONS = NO;
				ENABLE_STRICT_OBJC_MSGSEND = YES;
				GCC_C_LANGUAGE_STANDARD = gnu11;
				GCC_NO_COMMON_BLOCKS = YES;
				GCC_WARN_64_TO_32_BIT_CONVERSION = YES;
				GCC_WARN_ABOUT_RETURN_TYPE = YES_ERROR;
				GCC_WARN_UNDECLARED_SELECTOR = YES;
				GCC_WARN_UNINITIALIZED_AUTOS = YES_AGGRESSIVE;
				GCC_WARN_UNUSED_FUNCTION = YES;
				GCC_WARN_UNUSED_VARIABLE = YES;
				IPHONEOS_DEPLOYMENT_TARGET = 12.1;
				MTL_ENABLE_DEBUG_INFO = NO;
				MTL_FAST_MATH = YES;
				SDKROOT = iphoneos;
				SWIFT_COMPILATION_MODE = wholemodule;
				SWIFT_OPTIMIZATION_LEVEL = "-O";
				VALIDATE_PRODUCT = YES;
			};
			name = Release;
		};
		CF3D72DC21EF44A50056CA88 /* Debug */ = {
			isa = XCBuildConfiguration;
			baseConfigurationReference = 462DC30984C2D939104034F4 /* Pods-School.debug.xcconfig */;
			buildSettings = {
				ASSETCATALOG_COMPILER_APPICON_NAME = AppIcon;
				CODE_SIGN_STYLE = Automatic;
				DEVELOPMENT_TEAM = 8M8S4HQM6M;
				INFOPLIST_FILE = School/Info.plist;
				LD_RUNPATH_SEARCH_PATHS = "$(inherited) @executable_path/Frameworks";
				PRODUCT_BUNDLE_IDENTIFIER = com.ferdinand.School;
				PRODUCT_NAME = "$(TARGET_NAME)";
				SWIFT_VERSION = 4.2;
				TARGETED_DEVICE_FAMILY = "1,2";
			};
			name = Debug;
		};
		CF3D72DD21EF44A50056CA88 /* Release */ = {
			isa = XCBuildConfiguration;
			baseConfigurationReference = D9AC21C791AD02F8A8CE03CE /* Pods-School.release.xcconfig */;
			buildSettings = {
				ASSETCATALOG_COMPILER_APPICON_NAME = AppIcon;
				CODE_SIGN_STYLE = Automatic;
				DEVELOPMENT_TEAM = 8M8S4HQM6M;
				INFOPLIST_FILE = School/Info.plist;
				LD_RUNPATH_SEARCH_PATHS = "$(inherited) @executable_path/Frameworks";
				PRODUCT_BUNDLE_IDENTIFIER = com.ferdinand.School;
				PRODUCT_NAME = "$(TARGET_NAME)";
				SWIFT_VERSION = 4.2;
				TARGETED_DEVICE_FAMILY = "1,2";
			};
			name = Release;
		};
		CF3D72DF21EF44A50056CA88 /* Debug */ = {
			isa = XCBuildConfiguration;
			baseConfigurationReference = E5807BF85BE0BCD8AAA49F1F /* Pods-SchoolTests.debug.xcconfig */;
			buildSettings = {
				ALWAYS_EMBED_SWIFT_STANDARD_LIBRARIES = YES;
				BUNDLE_LOADER = "$(TEST_HOST)";
				CODE_SIGN_STYLE = Automatic;
				DEVELOPMENT_TEAM = 8M8S4HQM6M;
				INFOPLIST_FILE = SchoolTests/Info.plist;
				LD_RUNPATH_SEARCH_PATHS = "$(inherited) @executable_path/Frameworks @loader_path/Frameworks";
				PRODUCT_BUNDLE_IDENTIFIER = com.ferdinand.SchoolTests;
				PRODUCT_NAME = "$(TARGET_NAME)";
				SWIFT_VERSION = 4.2;
				TARGETED_DEVICE_FAMILY = "1,2";
				TEST_HOST = "$(BUILT_PRODUCTS_DIR)/School.app/School";
			};
			name = Debug;
		};
		CF3D72E021EF44A50056CA88 /* Release */ = {
			isa = XCBuildConfiguration;
			baseConfigurationReference = A336BE44F0F5AD87EE13B949 /* Pods-SchoolTests.release.xcconfig */;
			buildSettings = {
				ALWAYS_EMBED_SWIFT_STANDARD_LIBRARIES = YES;
				BUNDLE_LOADER = "$(TEST_HOST)";
				CODE_SIGN_STYLE = Automatic;
				DEVELOPMENT_TEAM = 8M8S4HQM6M;
				INFOPLIST_FILE = SchoolTests/Info.plist;
				LD_RUNPATH_SEARCH_PATHS = "$(inherited) @executable_path/Frameworks @loader_path/Frameworks";
				PRODUCT_BUNDLE_IDENTIFIER = com.ferdinand.SchoolTests;
				PRODUCT_NAME = "$(TARGET_NAME)";
				SWIFT_VERSION = 4.2;
				TARGETED_DEVICE_FAMILY = "1,2";
				TEST_HOST = "$(BUILT_PRODUCTS_DIR)/School.app/School";
			};
			name = Release;
		};
		CF3D72E221EF44A50056CA88 /* Debug */ = {
			isa = XCBuildConfiguration;
			baseConfigurationReference = 473E20D0FD74881BF9C96C46 /* Pods-SchoolUITests.debug.xcconfig */;
			buildSettings = {
				ALWAYS_EMBED_SWIFT_STANDARD_LIBRARIES = YES;
				CODE_SIGN_STYLE = Automatic;
				DEVELOPMENT_TEAM = 8M8S4HQM6M;
				INFOPLIST_FILE = SchoolUITests/Info.plist;
				LD_RUNPATH_SEARCH_PATHS = "$(inherited) @executable_path/Frameworks @loader_path/Frameworks";
				PRODUCT_BUNDLE_IDENTIFIER = com.ferdinand.SchoolUITests;
				PRODUCT_NAME = "$(TARGET_NAME)";
				SWIFT_VERSION = 4.2;
				TARGETED_DEVICE_FAMILY = "1,2";
				TEST_TARGET_NAME = School;
			};
			name = Debug;
		};
		CF3D72E321EF44A50056CA88 /* Release */ = {
			isa = XCBuildConfiguration;
			baseConfigurationReference = C8C1A211193CAAD75D10B022 /* Pods-SchoolUITests.release.xcconfig */;
			buildSettings = {
				ALWAYS_EMBED_SWIFT_STANDARD_LIBRARIES = YES;
				CODE_SIGN_STYLE = Automatic;
				DEVELOPMENT_TEAM = 8M8S4HQM6M;
				INFOPLIST_FILE = SchoolUITests/Info.plist;
				LD_RUNPATH_SEARCH_PATHS = "$(inherited) @executable_path/Frameworks @loader_path/Frameworks";
				PRODUCT_BUNDLE_IDENTIFIER = com.ferdinand.SchoolUITests;
				PRODUCT_NAME = "$(TARGET_NAME)";
				SWIFT_VERSION = 4.2;
				TARGETED_DEVICE_FAMILY = "1,2";
				TEST_TARGET_NAME = School;
			};
			name = Release;
		};
/* End XCBuildConfiguration section */

/* Begin XCConfigurationList section */
		CF3D72AE21EF44A20056CA88 /* Build configuration list for PBXProject "School" */ = {
			isa = XCConfigurationList;
			buildConfigurations = (
				CF3D72D921EF44A50056CA88 /* Debug */,
				CF3D72DA21EF44A50056CA88 /* Release */,
			);
			defaultConfigurationIsVisible = 0;
			defaultConfigurationName = Release;
		};
		CF3D72DB21EF44A50056CA88 /* Build configuration list for PBXNativeTarget "School" */ = {
			isa = XCConfigurationList;
			buildConfigurations = (
				CF3D72DC21EF44A50056CA88 /* Debug */,
				CF3D72DD21EF44A50056CA88 /* Release */,
			);
			defaultConfigurationIsVisible = 0;
			defaultConfigurationName = Release;
		};
		CF3D72DE21EF44A50056CA88 /* Build configuration list for PBXNativeTarget "SchoolTests" */ = {
			isa = XCConfigurationList;
			buildConfigurations = (
				CF3D72DF21EF44A50056CA88 /* Debug */,
				CF3D72E021EF44A50056CA88 /* Release */,
			);
			defaultConfigurationIsVisible = 0;
			defaultConfigurationName = Release;
		};
		CF3D72E121EF44A50056CA88 /* Build configuration list for PBXNativeTarget "SchoolUITests" */ = {
			isa = XCConfigurationList;
			buildConfigurations = (
				CF3D72E221EF44A50056CA88 /* Debug */,
				CF3D72E321EF44A50056CA88 /* Release */,
			);
			defaultConfigurationIsVisible = 0;
			defaultConfigurationName = Release;
		};
/* End XCConfigurationList section */
	};
	rootObject = CF3D72AB21EF44A20056CA88 /* Project object */;
}
